{
  "schemaVersion": "margo/pdf-platform-toolchain/v2",
  "modulePath": "github.com/araihu/margo",
  "go": {
    "version": "1.27.0"
  },
  "modules": [
    {
      "path": "github.com/chromedp/chromedp",
      "version": "v0.14.2",
      "sum": "h1:r3b/WtwM50RsBZHMUm9fsNhhzRStTHrKdr2zmwbZSzM=",
      "goModSum": "h1:rHzAv60xDE7VNy/MYtTUrYreSc0ujt2O1/C3bzctYBo="
    }
  ],
  "nodeHarness": {
    "nodeVersion": "v26.5.0",
    "npmVersion": "11.17.0",
    "domStrategy": "DOMParser+XMLSerializer+CSSOM+css-tree/3.1.0",
    "cssTreeVersion": "3.1.0",
    "playwrightVersion": "1.55.1",
    "chromiumRevision": "1193",
    "chromiumArchiveSHA256": "bfba74e7bd40db5cc2a0ef603ec9ba91736cf6b6a0836c27a5969b57b8044b61"
  },
  "muambaTool": {
    "path": "github.com/araihu/muamba/cmd/muamba",
    "version": "v0.0.3"
  },
  "runners": [
    {
      "id": "windows-webview2/v2",
      "probe": "pdf/platform/engine_probe_test.go",
      "sourceDigest": "dd872b8a25678b19ccedfaf23b8679b29741e3def1275b7373f824d44c7c0b31",
      "sdkEvidencePath": "pdf/platform/evidence/windows-webview2/sdk.version",
      "runtimeEvidencePath": "pdf/platform/evidence/windows-webview2/runtime.version",
      "versionPolicy": "tested-version-reported"
    },
    {
      "id": "darwin-wkwebview/v2",
      "probe": "pdf/platform/engine_probe_test.go",
      "sourceDigest": "dd872b8a25678b19ccedfaf23b8679b29741e3def1275b7373f824d44c7c0b31",
      "sdkEvidencePath": "pdf/platform/evidence/darwin-wkwebview/sdk.version",
      "runtimeEvidencePath": "pdf/platform/evidence/darwin-wkwebview/runtime.version",
      "versionPolicy": "tested-version-reported"
    },
    {
      "id": "linux-webkitgtk/v2",
      "probe": "pdf/platform/engine_probe_test.go",
      "sourceDigest": "dd872b8a25678b19ccedfaf23b8679b29741e3def1275b7373f824d44c7c0b31",
      "sdkEvidencePath": "pdf/platform/evidence/linux-webkitgtk/sdk.version",
      "runtimeEvidencePath": "pdf/platform/evidence/linux-webkitgtk/runtime.version",
      "versionPolicy": "tested-version-reported"
    },
    {
      "id": "chromium-cdp/v2",
      "probe": "pdf/platform/engine_probe_test.go",
      "sourceDigest": "dd872b8a25678b19ccedfaf23b8679b29741e3def1275b7373f824d44c7c0b31",
      "sdkEvidencePath": "pdf/platform/evidence/chromium-cdp/sdk.version",
      "runtimeEvidencePath": "pdf/platform/evidence/chromium-cdp/runtime.version",
      "versionPolicy": "tested-version-reported"
    }
  ],
  "networkPolicy": "no-download",
  "recordDigest": "8138a7190f1c71b23deabbee2539b77db3982ead3e0e19c8058743dd3ca424a0"
}
