{
  "schemaVersion": "margo/pdf-platform-toolchain/v2",
  "modulePath": "github.com/araihu/margo",
  "go": {
    "version": "1.26.5"
  },
  "modules": [
    {
      "path": "github.com/chromedp/chromedp",
      "version": "v0.14.2",
      "sum": "h1:r3b/WtwM50RsBZHMUm9fsNhhzRStTHrKdr2zmwbZSzM=",
      "goModSum": "h1:rHzAv60xDE7VNy/MYtTUrYreSc0ujt2O1/C3bzctYBo="
    }
  ],
  "nodeHarness": {
    "nodeVersion": "v26.5.0",
    "npmVersion": "11.17.0",
    "domStrategy": "DOMParser+XMLSerializer+CSSOM+css-tree/3.1.0",
    "cssTreeVersion": "3.1.0",
    "playwrightVersion": "1.52.0",
    "chromiumRevision": "1169",
    "chromiumArchiveSHA256": "6755dab7021ac7aeadceab8f3cd183f05f9c20736c456573b937e5e22212db65"
  },
  "muambaTool": {
    "path": "github.com/araihu/muamba/cmd/muamba",
    "version": "v0.0.3"
  },
  "runners": [
    {
      "id": "windows-webview2/v2",
      "probe": "pdf/platform/engine_probe_test.go",
      "sourceDigest": "e370f76371b315d0b2d3371627daf7ea4f1b772505aefa96ed8dce95b4b5f4f3",
      "sdkEvidencePath": "pdf/platform/evidence/windows-webview2/sdk.version",
      "runtimeEvidencePath": "pdf/platform/evidence/windows-webview2/runtime.version",
      "versionPolicy": "tested-version-reported"
    },
    {
      "id": "darwin-wkwebview/v2",
      "probe": "pdf/platform/engine_probe_test.go",
      "sourceDigest": "e370f76371b315d0b2d3371627daf7ea4f1b772505aefa96ed8dce95b4b5f4f3",
      "sdkEvidencePath": "pdf/platform/evidence/darwin-wkwebview/sdk.version",
      "runtimeEvidencePath": "pdf/platform/evidence/darwin-wkwebview/runtime.version",
      "versionPolicy": "tested-version-reported"
    },
    {
      "id": "linux-webkitgtk/v2",
      "probe": "pdf/platform/engine_probe_test.go",
      "sourceDigest": "e370f76371b315d0b2d3371627daf7ea4f1b772505aefa96ed8dce95b4b5f4f3",
      "sdkEvidencePath": "pdf/platform/evidence/linux-webkitgtk/sdk.version",
      "runtimeEvidencePath": "pdf/platform/evidence/linux-webkitgtk/runtime.version",
      "versionPolicy": "tested-version-reported"
    },
    {
      "id": "chromium-cdp/v2",
      "probe": "pdf/platform/engine_probe_test.go",
      "sourceDigest": "e370f76371b315d0b2d3371627daf7ea4f1b772505aefa96ed8dce95b4b5f4f3",
      "sdkEvidencePath": "pdf/platform/evidence/chromium-cdp/sdk.version",
      "runtimeEvidencePath": "pdf/platform/evidence/chromium-cdp/runtime.version",
      "versionPolicy": "tested-version-reported"
    }
  ],
  "networkPolicy": "no-download",
  "recordDigest": "09c372453e819523453b907c5dbd5155e9f4d3a9156b64e8bbab7f906f606269"
}
