{
  "schemaVersion": "margo/pdf-platform-toolchain/v1",
  "go": {
    "version": "1.26.5"
  },
  "modules": [
    {
      "path": "github.com/araihu/margo",
      "version": "v0.0.0-20260808231103-771f44908d14",
      "sum": "h1:SFWnf6NlyC5IDfK+vvImwpVkuRlp6DdmYZ5wV9Mviuo=",
      "goModSum": "h1:t5vzt4j6VTYIJsreX2+d/Cr37vftL1Cd0PiXIcre11U="
    },
    {
      "path": "github.com/chromedp/chromedp",
      "version": "v0.14.2",
      "sum": "h1:r3b/WtwM50RsBZHMUm9fsNhhzRStTHrKdr2zmwbZSzM=",
      "goModSum": "h1:rHzAv60xDE7VNy/MYtTUrYreSc0ujt2O1/C3bzctYBo="
    }
  ],
  "nodeHarness": {
    "nodeVersion": "v26.5.0",
    "npmVersion": "11.17.0",
    "domStrategy": "DOMParser+XMLSerializer+CSSOM+css-tree/3.1.0",
    "cssTreeVersion": "3.1.0",
    "playwrightVersion": "1.52.0",
    "chromiumRevision": "1169",
    "chromiumArchiveSHA256": "6755dab7021ac7aeadceab8f3cd183f05f9c20736c456573b937e5e22212db65"
  },
  "muambaTool": {
    "path": "github.com/araihu/muamba/cmd/muamba",
    "version": "v0.0.3"
  },
  "runners": [
    {
      "id": "windows-webview2/v1",
      "probe": "platform/engine_probe_test.go",
      "sourceDigest": "d0f600cba2aa030c3abdb49f857bc912a7377ef9e6925e84cdc9a241eeef2e24",
      "sdkEvidencePath": "/private/tmp/margo-v001-pdf-p1-platform-evidence/windows-webview2/sdk.version",
      "runtimeEvidencePath": "/private/tmp/margo-v001-pdf-p1-platform-evidence/windows-webview2/runtime.version",
      "versionPolicy": "host-evidence-exact"
    },
    {
      "id": "darwin-wkwebview/v1",
      "probe": "platform/engine_probe_test.go",
      "sourceDigest": "d0f600cba2aa030c3abdb49f857bc912a7377ef9e6925e84cdc9a241eeef2e24",
      "sdkEvidencePath": "/private/tmp/margo-v001-pdf-p1-platform-evidence/darwin-wkwebview/sdk.version",
      "runtimeEvidencePath": "/private/tmp/margo-v001-pdf-p1-platform-evidence/darwin-wkwebview/runtime.version",
      "versionPolicy": "host-evidence-exact"
    },
    {
      "id": "linux-webkitgtk/v1",
      "probe": "platform/engine_probe_test.go",
      "sourceDigest": "d0f600cba2aa030c3abdb49f857bc912a7377ef9e6925e84cdc9a241eeef2e24",
      "sdkEvidencePath": "/private/tmp/margo-v001-pdf-p1-platform-evidence/linux-webkitgtk/sdk.version",
      "runtimeEvidencePath": "/private/tmp/margo-v001-pdf-p1-platform-evidence/linux-webkitgtk/runtime.version",
      "versionPolicy": "host-evidence-exact"
    },
    {
      "id": "chromium-cdp/v1",
      "probe": "platform/engine_probe_test.go",
      "sourceDigest": "d0f600cba2aa030c3abdb49f857bc912a7377ef9e6925e84cdc9a241eeef2e24",
      "sdkEvidencePath": "/private/tmp/margo-v001-pdf-p1-platform-evidence/chromium-cdp/sdk.version",
      "runtimeEvidencePath": "/private/tmp/margo-v001-pdf-p1-platform-evidence/chromium-cdp/runtime.version",
      "versionPolicy": "runtime-version-reported"
    }
  ],
  "networkPolicy": "no-download",
  "recordDigest": "cc03351c57abd5f8987f4036bbb1fd0e4a8da9d96ab0ccca4c931ed252dc7ca7"
}
